
Microsoft Visual Studio Solution File, Format Version 12.00
# Visual Studio Version 17
VisualStudioVersion = 17.4.33213.308
MinimumVisualStudioVersion = 10.0.40219.1
Project("{9A19103F-16F7-4668-BE54-9A1E7A4F7556}") = "CoinFlo.API", "CoinFlo.API\CoinFlo.API.csproj", "{0C881B82-60FA-4781-ACE4-CC42DC837162}"
EndProject
Project("{FAE04EC0-301F-11D3-BF4B-00C04F79EFBC}") = "CoinFlo.DAL", "CoinFlo.DAL\CoinFlo.DAL.csproj", "{49F71029-E579-4E2A-B8B5-E3AB4090861F}"
EndProject
Project("{FAE04EC0-301F-11D3-BF4B-00C04F79EFBC}") = "CoinFlo.BLL", "CoinFlo.BLL\CoinFlo.BLL.csproj", "{FED5D7DE-F1E9-4CC2-B71C-3FA1CE10F145}"
EndProject
Global
	GlobalSection(SolutionConfigurationPlatforms) = preSolution
		Debug|Any CPU = Debug|Any CPU
		Release|Any CPU = Release|Any CPU
	EndGlobalSection
	GlobalSection(ProjectConfigurationPlatforms) = postSolution
		{0C881B82-60FA-4781-ACE4-CC42DC837162}.Debug|Any CPU.ActiveCfg = Debug|Any CPU
		{0C881B82-60FA-4781-ACE4-CC42DC837162}.Debug|Any CPU.Build.0 = Debug|Any CPU
		{0C881B82-60FA-4781-ACE4-CC42DC837162}.Release|Any CPU.ActiveCfg = Release|Any CPU
		{0C881B82-60FA-4781-ACE4-CC42DC837162}.Release|Any CPU.Build.0 = Release|Any CPU
		{49F71029-E579-4E2A-B8B5-E3AB4090861F}.Debug|Any CPU.ActiveCfg = Debug|Any CPU
		{49F71029-E579-4E2A-B8B5-E3AB4090861F}.Debug|Any CPU.Build.0 = Debug|Any CPU
		{49F71029-E579-4E2A-B8B5-E3AB4090861F}.Release|Any CPU.ActiveCfg = Release|Any CPU
		{49F71029-E579-4E2A-B8B5-E3AB4090861F}.Release|Any CPU.Build.0 = Release|Any CPU
		{FED5D7DE-F1E9-4CC2-B71C-3FA1CE10F145}.Debug|Any CPU.ActiveCfg = Debug|Any CPU
		{FED5D7DE-F1E9-4CC2-B71C-3FA1CE10F145}.Debug|Any CPU.Build.0 = Debug|Any CPU
		{FED5D7DE-F1E9-4CC2-B71C-3FA1CE10F145}.Release|Any CPU.ActiveCfg = Release|Any CPU
		{FED5D7DE-F1E9-4CC2-B71C-3FA1CE10F145}.Release|Any CPU.Build.0 = Release|Any CPU
	EndGlobalSection
	GlobalSection(SolutionProperties) = preSolution
		HideSolutionNode = FALSE
	EndGlobalSection
	GlobalSection(ExtensibilityGlobals) = postSolution
		SolutionGuid = {8C2F1BED-89EF-4705-832F-C8C5749759DD}
	EndGlobalSection
EndGlobal
